
Microsoft Visual Studio Solution File, Format Version 12.00
# Visual Studio Version 17
VisualStudioVersion = 17.4.33213.308
MinimumVisualStudioVersion = 10.0.40219.1
Project("{FAE04EC0-301F-11D3-BF4B-00C04F79EFBC}") = "LogsAutomaticos", "LogsAutomaticos\LogsAutomaticos.csproj", "{35A7ECA8-A09E-4501-87E5-0352226B2670}"
EndProject
Global
	GlobalSection(SolutionConfigurationPlatforms) = preSolution
		Debug|Any CPU = Debug|Any CPU
		Release|Any CPU = Release|Any CPU
	EndGlobalSection
	GlobalSection(ProjectConfigurationPlatforms) = postSolution
		{35A7ECA8-A09E-4501-87E5-0352226B2670}.Debug|Any CPU.ActiveCfg = Debug|Any CPU
		{35A7ECA8-A09E-4501-87E5-0352226B2670}.Debug|Any CPU.Build.0 = Debug|Any CPU
		{35A7ECA8-A09E-4501-87E5-0352226B2670}.Release|Any CPU.ActiveCfg = Release|Any CPU
		{35A7ECA8-A09E-4501-87E5-0352226B2670}.Release|Any CPU.Build.0 = Release|Any CPU
	EndGlobalSection
	GlobalSection(SolutionProperties) = preSolution
		HideSolutionNode = FALSE
	EndGlobalSection
	GlobalSection(ExtensibilityGlobals) = postSolution
		SolutionGuid = {9B546337-C934-4A7D-920C-7B40097208FB}
	EndGlobalSection
EndGlobal
